
Microsoft Visual Studio Solution File, Format Version 12.00
# Visual Studio Version 17
VisualStudioVersion = 17.7.34018.315
MinimumVisualStudioVersion = 10.0.40219.1
Project("{FAE04EC0-301F-11D3-BF4B-00C04F79EFBC}") = "ResponsiJunpro2MelvinWaluyo", "ResponsiJunpro2MelvinWaluyo.csproj", "{04B2345E-890A-4AAA-9135-338EA7AEBCD1}"
EndProject
Global
	GlobalSection(SolutionConfigurationPlatforms) = preSolution
		Debug|Any CPU = Debug|Any CPU
		Release|Any CPU = Release|Any CPU
	EndGlobalSection
	GlobalSection(ProjectConfigurationPlatforms) = postSolution
		{04B2345E-890A-4AAA-9135-338EA7AEBCD1}.Debug|Any CPU.ActiveCfg = Debug|Any CPU
		{04B2345E-890A-4AAA-9135-338EA7AEBCD1}.Debug|Any CPU.Build.0 = Debug|Any CPU
		{04B2345E-890A-4AAA-9135-338EA7AEBCD1}.Release|Any CPU.ActiveCfg = Release|Any CPU
		{04B2345E-890A-4AAA-9135-338EA7AEBCD1}.Release|Any CPU.Build.0 = Release|Any CPU
	EndGlobalSection
	GlobalSection(SolutionProperties) = preSolution
		HideSolutionNode = FALSE
	EndGlobalSection
	GlobalSection(ExtensibilityGlobals) = postSolution
		SolutionGuid = {D4437885-8450-4526-89EB-D424E7762CF0}
	EndGlobalSection
EndGlobal
